
Microsoft Visual Studio Solution File, Format Version 12.00
# Visual Studio 15
VisualStudioVersion = 15.0.28307.960
MinimumVisualStudioVersion = 10.0.40219.1
Project("{F184B08F-C81C-45F6-A57F-5ABD9991F28F}") = "Car Rental", "Car Rental\Car Rental.vbproj", "{287440E5-7AF6-4CD3-A6B7-C284FAA89990}"
EndProject
Global
	GlobalSection(SolutionConfigurationPlatforms) = preSolution
		Debug|Any CPU = Debug|Any CPU
		Release|Any CPU = Release|Any CPU
	EndGlobalSection
	GlobalSection(ProjectConfigurationPlatforms) = postSolution
		{287440E5-7AF6-4CD3-A6B7-C284FAA89990}.Debug|Any CPU.ActiveCfg = Debug|Any CPU
		{287440E5-7AF6-4CD3-A6B7-C284FAA89990}.Debug|Any CPU.Build.0 = Debug|Any CPU
		{287440E5-7AF6-4CD3-A6B7-C284FAA89990}.Release|Any CPU.ActiveCfg = Release|Any CPU
		{287440E5-7AF6-4CD3-A6B7-C284FAA89990}.Release|Any CPU.Build.0 = Release|Any CPU
	EndGlobalSection
	GlobalSection(SolutionProperties) = preSolution
		HideSolutionNode = FALSE
	EndGlobalSection
	GlobalSection(ExtensibilityGlobals) = postSolution
		SolutionGuid = {C688E6C2-FB27-4F11-8C01-A1E02BCF3B88}
	EndGlobalSection
EndGlobal
